
Microsoft Visual Studio Solution File, Format Version 12.00
# Visual Studio Version 17
VisualStudioVersion = 17.7.34031.279
MinimumVisualStudioVersion = 10.0.40219.1
Project("{FAE04EC0-301F-11D3-BF4B-00C04F79EFBC}") = "as Phase1Section3.8", "as Phase1Section3.8\as Phase1Section3.8.csproj", "{9BDAC5FC-CF87-4188-A0B9-9A56106C486B}"
EndProject
Global
	GlobalSection(SolutionConfigurationPlatforms) = preSolution
		Debug|Any CPU = Debug|Any CPU
		Release|Any CPU = Release|Any CPU
	EndGlobalSection
	GlobalSection(ProjectConfigurationPlatforms) = postSolution
		{9BDAC5FC-CF87-4188-A0B9-9A56106C486B}.Debug|Any CPU.ActiveCfg = Debug|Any CPU
		{9BDAC5FC-CF87-4188-A0B9-9A56106C486B}.Debug|Any CPU.Build.0 = Debug|Any CPU
		{9BDAC5FC-CF87-4188-A0B9-9A56106C486B}.Release|Any CPU.ActiveCfg = Release|Any CPU
		{9BDAC5FC-CF87-4188-A0B9-9A56106C486B}.Release|Any CPU.Build.0 = Release|Any CPU
	EndGlobalSection
	GlobalSection(SolutionProperties) = preSolution
		HideSolutionNode = FALSE
	EndGlobalSection
	GlobalSection(ExtensibilityGlobals) = postSolution
		SolutionGuid = {BDE0D5DE-A562-457C-A69C-F3765289202C}
	EndGlobalSection
EndGlobal
